
Microsoft Visual Studio Solution File, Format Version 12.00
# Visual Studio 14
VisualStudioVersion = 14.0.23107.0
MinimumVisualStudioVersion = 10.0.40219.1
Project("{FAE04EC0-301F-11D3-BF4B-00C04F79EFBC}") = "LottoEF", "LottoEF\LottoEF.csproj", "{EFC5C7CE-6516-4314-909E-4B7B8BDFAE16}"
EndProject
Project("{2150E333-8FDC-42A3-9474-1A3956D46DE8}") = "DB", "DB", "{26DAC8FC-5AFA-4821-A8DF-F8E4F40A9E49}"
EndProject
Project("{00D1A9C2-B5F0-4AF3-8072-F6C62B433612}") = "LottoEFDB", "LottoEFDB\LottoEFDB.sqlproj", "{F0AB605C-1BC8-4126-A99F-29413A551B1D}"
EndProject
Project("{2150E333-8FDC-42A3-9474-1A3956D46DE8}") = "Services", "Services", "{D907A210-8DB4-431E-868F-63E1DB833CF2}"
EndProject
Project("{FAE04EC0-301F-11D3-BF4B-00C04F79EFBC}") = "LottoSyncService", "LottoSyncService\LottoSyncService.csproj", "{ED19BCDE-07CC-4A98-AB68-1166ECC1BA48}"
EndProject
Project("{2150E333-8FDC-42A3-9474-1A3956D46DE8}") = "Lib", "Lib", "{D601F40B-FE85-41BA-AC0A-45CBB0CC42CD}"
EndProject
Project("{FAE04EC0-301F-11D3-BF4B-00C04F79EFBC}") = "Repository.SQL", "Repository.SQL\Repository.SQL.csproj", "{CC9B948D-C21F-431E-AD2E-C100B5B5F7A5}"
EndProject
Project("{FAE04EC0-301F-11D3-BF4B-00C04F79EFBC}") = "Service", "Service\Service.csproj", "{323DC5AC-A234-4386-BC8F-734B3D3D516D}"
EndProject
Project("{FAE04EC0-301F-11D3-BF4B-00C04F79EFBC}") = "Service.Lotto", "Service.Lotto\Service.Lotto.csproj", "{53C1205D-624E-4380-A288-2F0066722997}"
EndProject
Project("{FAE04EC0-301F-11D3-BF4B-00C04F79EFBC}") = "Model", "Model\Model.csproj", "{12164268-1DDA-4789-9E14-EF07117E00B0}"
EndProject
Global
	GlobalSection(SolutionConfigurationPlatforms) = preSolution
		Debug|Any CPU = Debug|Any CPU
		Release|Any CPU = Release|Any CPU
	EndGlobalSection
	GlobalSection(ProjectConfigurationPlatforms) = postSolution
		{EFC5C7CE-6516-4314-909E-4B7B8BDFAE16}.Debug|Any CPU.ActiveCfg = Debug|Any CPU
		{EFC5C7CE-6516-4314-909E-4B7B8BDFAE16}.Debug|Any CPU.Build.0 = Debug|Any CPU
		{EFC5C7CE-6516-4314-909E-4B7B8BDFAE16}.Release|Any CPU.ActiveCfg = Release|Any CPU
		{EFC5C7CE-6516-4314-909E-4B7B8BDFAE16}.Release|Any CPU.Build.0 = Release|Any CPU
		{F0AB605C-1BC8-4126-A99F-29413A551B1D}.Debug|Any CPU.ActiveCfg = Debug|Any CPU
		{F0AB605C-1BC8-4126-A99F-29413A551B1D}.Debug|Any CPU.Build.0 = Debug|Any CPU
		{F0AB605C-1BC8-4126-A99F-29413A551B1D}.Debug|Any CPU.Deploy.0 = Debug|Any CPU
		{F0AB605C-1BC8-4126-A99F-29413A551B1D}.Release|Any CPU.ActiveCfg = Release|Any CPU
		{F0AB605C-1BC8-4126-A99F-29413A551B1D}.Release|Any CPU.Build.0 = Release|Any CPU
		{F0AB605C-1BC8-4126-A99F-29413A551B1D}.Release|Any CPU.Deploy.0 = Release|Any CPU
		{ED19BCDE-07CC-4A98-AB68-1166ECC1BA48}.Debug|Any CPU.ActiveCfg = Debug|Any CPU
		{ED19BCDE-07CC-4A98-AB68-1166ECC1BA48}.Debug|Any CPU.Build.0 = Debug|Any CPU
		{ED19BCDE-07CC-4A98-AB68-1166ECC1BA48}.Release|Any CPU.ActiveCfg = Release|Any CPU
		{ED19BCDE-07CC-4A98-AB68-1166ECC1BA48}.Release|Any CPU.Build.0 = Release|Any CPU
		{CC9B948D-C21F-431E-AD2E-C100B5B5F7A5}.Debug|Any CPU.ActiveCfg = Debug|Any CPU
		{CC9B948D-C21F-431E-AD2E-C100B5B5F7A5}.Debug|Any CPU.Build.0 = Debug|Any CPU
		{CC9B948D-C21F-431E-AD2E-C100B5B5F7A5}.Release|Any CPU.ActiveCfg = Release|Any CPU
		{CC9B948D-C21F-431E-AD2E-C100B5B5F7A5}.Release|Any CPU.Build.0 = Release|Any CPU
		{323DC5AC-A234-4386-BC8F-734B3D3D516D}.Debug|Any CPU.ActiveCfg = Debug|Any CPU
		{323DC5AC-A234-4386-BC8F-734B3D3D516D}.Debug|Any CPU.Build.0 = Debug|Any CPU
		{323DC5AC-A234-4386-BC8F-734B3D3D516D}.Release|Any CPU.ActiveCfg = Release|Any CPU
		{323DC5AC-A234-4386-BC8F-734B3D3D516D}.Release|Any CPU.Build.0 = Release|Any CPU
		{53C1205D-624E-4380-A288-2F0066722997}.Debug|Any CPU.ActiveCfg = Debug|Any CPU
		{53C1205D-624E-4380-A288-2F0066722997}.Debug|Any CPU.Build.0 = Debug|Any CPU
		{53C1205D-624E-4380-A288-2F0066722997}.Release|Any CPU.ActiveCfg = Release|Any CPU
		{53C1205D-624E-4380-A288-2F0066722997}.Release|Any CPU.Build.0 = Release|Any CPU
		{12164268-1DDA-4789-9E14-EF07117E00B0}.Debug|Any CPU.ActiveCfg = Debug|Any CPU
		{12164268-1DDA-4789-9E14-EF07117E00B0}.Debug|Any CPU.Build.0 = Debug|Any CPU
		{12164268-1DDA-4789-9E14-EF07117E00B0}.Release|Any CPU.ActiveCfg = Release|Any CPU
		{12164268-1DDA-4789-9E14-EF07117E00B0}.Release|Any CPU.Build.0 = Release|Any CPU
	EndGlobalSection
	GlobalSection(SolutionProperties) = preSolution
		HideSolutionNode = FALSE
	EndGlobalSection
	GlobalSection(NestedProjects) = preSolution
		{F0AB605C-1BC8-4126-A99F-29413A551B1D} = {26DAC8FC-5AFA-4821-A8DF-F8E4F40A9E49}
		{ED19BCDE-07CC-4A98-AB68-1166ECC1BA48} = {D907A210-8DB4-431E-868F-63E1DB833CF2}
		{CC9B948D-C21F-431E-AD2E-C100B5B5F7A5} = {D601F40B-FE85-41BA-AC0A-45CBB0CC42CD}
		{323DC5AC-A234-4386-BC8F-734B3D3D516D} = {D601F40B-FE85-41BA-AC0A-45CBB0CC42CD}
		{53C1205D-624E-4380-A288-2F0066722997} = {D601F40B-FE85-41BA-AC0A-45CBB0CC42CD}
		{12164268-1DDA-4789-9E14-EF07117E00B0} = {D601F40B-FE85-41BA-AC0A-45CBB0CC42CD}
	EndGlobalSection
EndGlobal
